# THIS IS AN AUTOGENERATED FILE. DO NOT EDIT THIS FILE DIRECTLY.
# yarn lockfile v1


dotenv@6.0.0:
  version "6.0.0"
  resolved "https://registry.yarnpkg.com/dotenv/-/dotenv-6.0.0.tgz#24e37c041741c5f4b25324958ebbc34bca965935"

yarn@1.7.0:
  version "1.7.0"
  resolved "https://registry.yarnpkg.com/yarn/-/yarn-1.7.0.tgz#0076b9fde6010e01950526a609bc53bc175ef925"
